<?xml version="1.0" encoding="utf-8"?>
<Project ToolsVersion="4.0" xmlns="http://schemas.microsoft.com/developer/msbuild/2003">
  <ItemGroup>
    <Filter Include="Source Files">
      <UniqueIdentifier>{4FC737F1-C7A5-4376-A066-2A32D752A2FF}</UniqueIdentifier>
      <Extensions>cpp;c;cc;cxx;def;odl;idl;hpj;bat;asm;asmx</Extensions>
    </Filter>
    <Filter Include="Header Files">
      <UniqueIdentifier>{93995380-89BD-4b04-88EB-625FBE52EBFB}</UniqueIdentifier>
      <Extensions>h;hh;hpp;hxx;hm;inl;inc;ipp;xsd</Extensions>
    </Filter>
    <Filter Include="Resource Files">
      <UniqueIdentifier>{67DA6AB6-F800-4c08-8B7A-83BB121AAD01}</UniqueIdentifier>
      <Extensions>rc;ico;cur;bmp;dlg;rc2;rct;bin;rgs;gif;jpg;jpeg;jpe;resx;tiff;tif;png;wav;mfcribbon-ms</Extensions>
    </Filter>
    <Filter Include="Header Files\input">
      <UniqueIdentifier>{0dae4e02-d964-404b-9742-a246152f8902}</UniqueIdentifier>
    </Filter>
    <Filter Include="Source Files\input">
      <UniqueIdentifier>{fb3c3472-097d-44f4-b6f6-798ed7e35ec6}</UniqueIdentifier>
    </Filter>
    <Filter Include="Header Files\config">
      <UniqueIdentifier>{8555ea64-3998-434e-9df2-2f8f26e7321f}</UniqueIdentifier>
    </Filter>
    <Filter Include="Header Files\display">
      <UniqueIdentifier>{1088e0e0-f138-4c53-857e-4f1a1ebb374a}</UniqueIdentifier>
    </Filter>
    <Filter Include="Source Files\display">
      <UniqueIdentifier>{38319343-c1bc-44b8-9a3c-886f44977f57}</UniqueIdentifier>
    </Filter>
    <Filter Include="Header Files\display\GUI">
      <UniqueIdentifier>{f0dfd100-343a-4294-9c04-ff489493a3aa}</UniqueIdentifier>
    </Filter>
    <Filter Include="Source Files\display\GUI">
      <UniqueIdentifier>{f8d738a3-f029-4751-a14f-07d5c89addf4}</UniqueIdentifier>
    </Filter>
    <Filter Include="Header Files\util">
      <UniqueIdentifier>{4cbf8085-1712-48e1-8226-b4c9d585a70d}</UniqueIdentifier>
    </Filter>
    <Filter Include="Header Files\sim">
      <UniqueIdentifier>{b906fd3b-a395-4212-812a-405b7a3f3b05}</UniqueIdentifier>
    </Filter>
    <Filter Include="Source Files\sim">
      <UniqueIdentifier>{7baead6e-798c-488a-819b-a537fb0cc6e7}</UniqueIdentifier>
    </Filter>
    <Filter Include="Header Files\display\SimGUI">
      <UniqueIdentifier>{6e637fd9-1615-49c1-be78-b4f643a1ce75}</UniqueIdentifier>
    </Filter>
    <Filter Include="Source Files\display\SimGUI">
      <UniqueIdentifier>{5a303189-ee6b-4195-8386-54dd2b481ad5}</UniqueIdentifier>
    </Filter>
    <Filter Include="Header Files\sim\concreteEntities">
      <UniqueIdentifier>{d6f93b80-7778-48a2-bcb4-63815e590045}</UniqueIdentifier>
    </Filter>
    <Filter Include="Source Files\sim\concreteEntities">
      <UniqueIdentifier>{cb5544e7-66cf-45ff-9ad5-7096a984a309}</UniqueIdentifier>
    </Filter>
  </ItemGroup>
  <ItemGroup>
    <ClCompile Include="MaybeLife.cpp">
      <Filter>Source Files</Filter>
    </ClCompile>
    <ClCompile Include="InputManager.cpp">
      <Filter>Source Files\input</Filter>
    </ClCompile>
    <ClCompile Include="MouseInputManager.cpp">
      <Filter>Source Files\input</Filter>
    </ClCompile>
    <ClCompile Include="KeyboardInputManager.cpp">
      <Filter>Source Files\input</Filter>
    </ClCompile>
    <ClCompile Include="CLIInputManager.cpp">
      <Filter>Source Files\input</Filter>
    </ClCompile>
    <ClCompile Include="Commander.cpp">
      <Filter>Source Files\input</Filter>
    </ClCompile>
    <ClCompile Include="GUI.cpp">
      <Filter>Source Files\display\GUI</Filter>
    </ClCompile>
    <ClCompile Include="Element.cpp">
      <Filter>Source Files\display\GUI</Filter>
    </ClCompile>
    <ClCompile Include="Entity.cpp">
      <Filter>Source Files\sim</Filter>
    </ClCompile>
    <ClCompile Include="Environment.cpp">
      <Filter>Source Files\sim</Filter>
    </ClCompile>
    <ClCompile Include="Grid.cpp">
      <Filter>Source Files\sim</Filter>
    </ClCompile>
    <ClCompile Include="Zone.cpp">
      <Filter>Source Files\sim</Filter>
    </ClCompile>
    <ClCompile Include="Panel.cpp">
      <Filter>Source Files\display\GUI</Filter>
    </ClCompile>
    <ClCompile Include="TextPanel.cpp">
      <Filter>Source Files\display\GUI</Filter>
    </ClCompile>
    <ClCompile Include="StatusPanel.cpp">
      <Filter>Source Files\display\SimGUI</Filter>
    </ClCompile>
    <ClCompile Include="BadGuy.cpp">
      <Filter>Source Files\sim\concreteEntities</Filter>
    </ClCompile>
    <ClCompile Include="Base.cpp">
      <Filter>Source Files\sim\concreteEntities</Filter>
    </ClCompile>
    <ClCompile Include="Fighter.cpp">
      <Filter>Source Files\sim\concreteEntities</Filter>
    </ClCompile>
    <ClCompile Include="FoodItem.cpp">
      <Filter>Source Files\sim\concreteEntities</Filter>
    </ClCompile>
    <ClCompile Include="FoodSource.cpp">
      <Filter>Source Files\sim\concreteEntities</Filter>
    </ClCompile>
    <ClCompile Include="GoodGuy.cpp">
      <Filter>Source Files\sim\concreteEntities</Filter>
    </ClCompile>
    <ClCompile Include="Peasant.cpp">
      <Filter>Source Files\sim\concreteEntities</Filter>
    </ClCompile>
    <ClCompile Include="Person.cpp">
      <Filter>Source Files\sim\concreteEntities</Filter>
    </ClCompile>
    <ClCompile Include="Slave.cpp">
      <Filter>Source Files\sim\concreteEntities</Filter>
    </ClCompile>
    <ClCompile Include="Wall.cpp">
      <Filter>Source Files\sim\concreteEntities</Filter>
    </ClCompile>
    <ClCompile Include="Worker.cpp">
      <Filter>Source Files\sim\concreteEntities</Filter>
    </ClCompile>
    <ClCompile Include="GroupMonitorPanel.cpp">
      <Filter>Source Files\display\SimGUI</Filter>
    </ClCompile>
    <ClCompile Include="Button.cpp">
      <Filter>Source Files\display\GUI</Filter>
    </ClCompile>
    <ClCompile Include="RuntimeControlPanel.cpp">
      <Filter>Source Files\display\SimGUI</Filter>
    </ClCompile>
    <ClCompile Include="ProgressBar.cpp">
      <Filter>Source Files\display\GUI</Filter>
    </ClCompile>
    <ClCompile Include="EntityInspectionPanel.cpp">
      <Filter>Source Files\display\SimGUI</Filter>
    </ClCompile>
  </ItemGroup>
  <ItemGroup>
    <ClInclude Include="InputMacros.h">
      <Filter>Header Files\input</Filter>
    </ClInclude>
    <ClInclude Include="InputManager.h">
      <Filter>Header Files\input</Filter>
    </ClInclude>
    <ClInclude Include="AppConfig.h">
      <Filter>Header Files\config</Filter>
    </ClInclude>
    <ClInclude Include="MouseInputManager.h">
      <Filter>Header Files\input</Filter>
    </ClInclude>
    <ClInclude Include="KeyboardInputManager.h">
      <Filter>Header Files\input</Filter>
    </ClInclude>
    <ClInclude Include="CLIInputManager.h">
      <Filter>Header Files\input</Filter>
    </ClInclude>
    <ClInclude Include="Commander.h">
      <Filter>Header Files\input</Filter>
    </ClInclude>
    <ClInclude Include="SimConfig.h">
      <Filter>Header Files\config</Filter>
    </ClInclude>
    <ClInclude Include="GUI.h">
      <Filter>Header Files\display\GUI</Filter>
    </ClInclude>
    <ClInclude Include="Element.h">
      <Filter>Header Files\display\GUI</Filter>
    </ClInclude>
    <ClInclude Include="json.hpp">
      <Filter>Header Files\util</Filter>
    </ClInclude>
    <ClInclude Include="Utilities.h">
      <Filter>Header Files\util</Filter>
    </ClInclude>
    <ClInclude Include="Entity.h">
      <Filter>Header Files\sim</Filter>
    </ClInclude>
    <ClInclude Include="Environment.h">
      <Filter>Header Files\sim</Filter>
    </ClInclude>
    <ClInclude Include="Grid.h">
      <Filter>Header Files\sim</Filter>
    </ClInclude>
    <ClInclude Include="Zone.h">
      <Filter>Header Files\sim</Filter>
    </ClInclude>
    <ClInclude Include="Panel.h">
      <Filter>Header Files\display\GUI</Filter>
    </ClInclude>
    <ClInclude Include="TextPanel.h">
      <Filter>Header Files\display\GUI</Filter>
    </ClInclude>
    <ClInclude Include="StatusPanel.h">
      <Filter>Header Files\display\SimGUI</Filter>
    </ClInclude>
    <ClInclude Include="BadGuy.h">
      <Filter>Header Files\sim\concreteEntities</Filter>
    </ClInclude>
    <ClInclude Include="Base.h">
      <Filter>Header Files\sim\concreteEntities</Filter>
    </ClInclude>
    <ClInclude Include="Fighter.h">
      <Filter>Header Files\sim\concreteEntities</Filter>
    </ClInclude>
    <ClInclude Include="FoodItem.h">
      <Filter>Header Files\sim\concreteEntities</Filter>
    </ClInclude>
    <ClInclude Include="FoodSource.h">
      <Filter>Header Files\sim\concreteEntities</Filter>
    </ClInclude>
    <ClInclude Include="GoodGuy.h">
      <Filter>Header Files\sim\concreteEntities</Filter>
    </ClInclude>
    <ClInclude Include="Peasant.h">
      <Filter>Header Files\sim\concreteEntities</Filter>
    </ClInclude>
    <ClInclude Include="Person.h">
      <Filter>Header Files\sim\concreteEntities</Filter>
    </ClInclude>
    <ClInclude Include="Slave.h">
      <Filter>Header Files\sim\concreteEntities</Filter>
    </ClInclude>
    <ClInclude Include="Wall.h">
      <Filter>Header Files\sim\concreteEntities</Filter>
    </ClInclude>
    <ClInclude Include="Worker.h">
      <Filter>Header Files\sim\concreteEntities</Filter>
    </ClInclude>
    <ClInclude Include="GroupMonitorPanel.h">
      <Filter>Header Files\display\SimGUI</Filter>
    </ClInclude>
    <ClInclude Include="Button.h">
      <Filter>Header Files\display\GUI</Filter>
    </ClInclude>
    <ClInclude Include="RuntimeControlPanel.h">
      <Filter>Header Files\display\SimGUI</Filter>
    </ClInclude>
    <ClInclude Include="ProgressBar.h">
      <Filter>Header Files\display\GUI</Filter>
    </ClInclude>
    <ClInclude Include="EntityInspectionPanel.h">
      <Filter>Header Files\display\SimGUI</Filter>
    </ClInclude>
  </ItemGroup>
</Project>